
Microsoft Visual Studio Solution File, Format Version 12.00
# Visual Studio 15
VisualStudioVersion = 15.0.28307.779
MinimumVisualStudioVersion = 10.0.40219.1
Project("{9A19103F-16F7-4668-BE54-9A1E7A4F7556}") = "FIleUploadServerLess", "FIleUploadServerLess\FIleUploadServerLess.csproj", "{58EC4965-31E7-47DA-B5CF-9D75199F585F}"
EndProject
Global
	GlobalSection(SolutionConfigurationPlatforms) = preSolution
		Debug|Any CPU = Debug|Any CPU
		Release|Any CPU = Release|Any CPU
	EndGlobalSection
	GlobalSection(ProjectConfigurationPlatforms) = postSolution
		{58EC4965-31E7-47DA-B5CF-9D75199F585F}.Debug|Any CPU.ActiveCfg = Debug|Any CPU
		{58EC4965-31E7-47DA-B5CF-9D75199F585F}.Debug|Any CPU.Build.0 = Debug|Any CPU
		{58EC4965-31E7-47DA-B5CF-9D75199F585F}.Release|Any CPU.ActiveCfg = Release|Any CPU
		{58EC4965-31E7-47DA-B5CF-9D75199F585F}.Release|Any CPU.Build.0 = Release|Any CPU
	EndGlobalSection
	GlobalSection(SolutionProperties) = preSolution
		HideSolutionNode = FALSE
	EndGlobalSection
	GlobalSection(ExtensibilityGlobals) = postSolution
		SolutionGuid = {EB252DE9-BEB6-4706-98E7-E07CC6E61586}
	EndGlobalSection
EndGlobal
